
Microsoft Visual Studio Solution File, Format Version 12.00
# Visual Studio Version 17
VisualStudioVersion = 17.6.33723.286
MinimumVisualStudioVersion = 10.0.40219.1
Project("{FAE04EC0-301F-11D3-BF4B-00C04F79EFBC}") = "ApocalypsePreparation", "ApocalypsePreparation\ApocalypsePreparation.csproj", "{D32E6D5B-AFBC-475A-8705-6AB8B1033FCB}"
EndProject
Project("{FAE04EC0-301F-11D3-BF4B-00C04F79EFBC}") = "BlindMansBuff", "BlindMansBuff\BlindMansBuff.csproj", "{110C7719-95D7-4239-A8B4-633CBB225568}"
EndProject
Project("{9A19103F-16F7-4668-BE54-9A1E7A4F7556}") = "SoftUniKindergarten", "SoftUniKindergarten_Skeleton_6.0\SoftUniKindergarten.csproj", "{0F066385-E74E-4C42-8B37-48DEEDA9C88F}"
EndProject
Global
	GlobalSection(SolutionConfigurationPlatforms) = preSolution
		Debug|Any CPU = Debug|Any CPU
		Release|Any CPU = Release|Any CPU
	EndGlobalSection
	GlobalSection(ProjectConfigurationPlatforms) = postSolution
		{D32E6D5B-AFBC-475A-8705-6AB8B1033FCB}.Debug|Any CPU.ActiveCfg = Debug|Any CPU
		{D32E6D5B-AFBC-475A-8705-6AB8B1033FCB}.Debug|Any CPU.Build.0 = Debug|Any CPU
		{D32E6D5B-AFBC-475A-8705-6AB8B1033FCB}.Release|Any CPU.ActiveCfg = Release|Any CPU
		{D32E6D5B-AFBC-475A-8705-6AB8B1033FCB}.Release|Any CPU.Build.0 = Release|Any CPU
		{110C7719-95D7-4239-A8B4-633CBB225568}.Debug|Any CPU.ActiveCfg = Debug|Any CPU
		{110C7719-95D7-4239-A8B4-633CBB225568}.Debug|Any CPU.Build.0 = Debug|Any CPU
		{110C7719-95D7-4239-A8B4-633CBB225568}.Release|Any CPU.ActiveCfg = Release|Any CPU
		{110C7719-95D7-4239-A8B4-633CBB225568}.Release|Any CPU.Build.0 = Release|Any CPU
		{0F066385-E74E-4C42-8B37-48DEEDA9C88F}.Debug|Any CPU.ActiveCfg = Debug|Any CPU
		{0F066385-E74E-4C42-8B37-48DEEDA9C88F}.Debug|Any CPU.Build.0 = Debug|Any CPU
		{0F066385-E74E-4C42-8B37-48DEEDA9C88F}.Release|Any CPU.ActiveCfg = Release|Any CPU
		{0F066385-E74E-4C42-8B37-48DEEDA9C88F}.Release|Any CPU.Build.0 = Release|Any CPU
	EndGlobalSection
	GlobalSection(SolutionProperties) = preSolution
		HideSolutionNode = FALSE
	EndGlobalSection
	GlobalSection(ExtensibilityGlobals) = postSolution
		SolutionGuid = {565F2A21-4507-423E-901D-D91B1CC65C32}
	EndGlobalSection
EndGlobal
