
Microsoft Visual Studio Solution File, Format Version 12.00
# Visual Studio Version 17
VisualStudioVersion = 17.5.33627.172
MinimumVisualStudioVersion = 10.0.40219.1
Project("{FAE04EC0-301F-11D3-BF4B-00C04F79EFBC}") = "01.UniqueUsername", "01.UniqueUsername\01.UniqueUsername.csproj", "{8F4B6DC2-05F9-4BCD-8CDF-54F2450FB47A}"
EndProject
Project("{FAE04EC0-301F-11D3-BF4B-00C04F79EFBC}") = "02.SumOfElements", "02.SumOfElements\02.SumOfElements.csproj", "{F31E2D4F-B671-4D6A-A9A3-CCF838191CCC}"
EndProject
Project("{FAE04EC0-301F-11D3-BF4B-00C04F79EFBC}") = "03.PeriodicTable", "03.PeriodicTable\03.PeriodicTable.csproj", "{9B43428F-E9C7-4F13-8479-7A55AB276CC4}"
EndProject
Project("{FAE04EC0-301F-11D3-BF4B-00C04F79EFBC}") = "04.EvenTimes", "04.EvenTimes\04.EvenTimes.csproj", "{AC158B9C-CA4A-432A-97F0-9368894B9875}"
EndProject
Project("{FAE04EC0-301F-11D3-BF4B-00C04F79EFBC}") = "05.CountSymbols", "05.CountSymbols\05.CountSymbols.csproj", "{B4C62F12-3DBD-46F9-8CB5-99783DF3787E}"
EndProject
Project("{FAE04EC0-301F-11D3-BF4B-00C04F79EFBC}") = "06.Wardrobe", "06.Wardrobe\06.Wardrobe.csproj", "{C6927790-1F0E-4D8B-A045-8FAA9C65BA79}"
EndProject
Project("{FAE04EC0-301F-11D3-BF4B-00C04F79EFBC}") = "07.TheV-Logger", "07.TheV-Logger\07.TheV-Logger.csproj", "{1845C1FB-78E7-4265-8ACC-290D271A2E5E}"
EndProject
Project("{FAE04EC0-301F-11D3-BF4B-00C04F79EFBC}") = "08.Ranking", "08.Ranking\08.Ranking.csproj", "{10E77FB3-B6DF-4160-BC7F-A8067D049C7B}"
EndProject
Project("{FAE04EC0-301F-11D3-BF4B-00C04F79EFBC}") = "09.SoftUniExamResult", "09.SoftUniExamResult\09.SoftUniExamResult.csproj", "{636623BF-1409-45A3-AD3C-D6438A868482}"
EndProject
Global
	GlobalSection(SolutionConfigurationPlatforms) = preSolution
		Debug|Any CPU = Debug|Any CPU
		Release|Any CPU = Release|Any CPU
	EndGlobalSection
	GlobalSection(ProjectConfigurationPlatforms) = postSolution
		{8F4B6DC2-05F9-4BCD-8CDF-54F2450FB47A}.Debug|Any CPU.ActiveCfg = Debug|Any CPU
		{8F4B6DC2-05F9-4BCD-8CDF-54F2450FB47A}.Debug|Any CPU.Build.0 = Debug|Any CPU
		{8F4B6DC2-05F9-4BCD-8CDF-54F2450FB47A}.Release|Any CPU.ActiveCfg = Release|Any CPU
		{8F4B6DC2-05F9-4BCD-8CDF-54F2450FB47A}.Release|Any CPU.Build.0 = Release|Any CPU
		{F31E2D4F-B671-4D6A-A9A3-CCF838191CCC}.Debug|Any CPU.ActiveCfg = Debug|Any CPU
		{F31E2D4F-B671-4D6A-A9A3-CCF838191CCC}.Debug|Any CPU.Build.0 = Debug|Any CPU
		{F31E2D4F-B671-4D6A-A9A3-CCF838191CCC}.Release|Any CPU.ActiveCfg = Release|Any CPU
		{F31E2D4F-B671-4D6A-A9A3-CCF838191CCC}.Release|Any CPU.Build.0 = Release|Any CPU
		{9B43428F-E9C7-4F13-8479-7A55AB276CC4}.Debug|Any CPU.ActiveCfg = Debug|Any CPU
		{9B43428F-E9C7-4F13-8479-7A55AB276CC4}.Debug|Any CPU.Build.0 = Debug|Any CPU
		{9B43428F-E9C7-4F13-8479-7A55AB276CC4}.Release|Any CPU.ActiveCfg = Release|Any CPU
		{9B43428F-E9C7-4F13-8479-7A55AB276CC4}.Release|Any CPU.Build.0 = Release|Any CPU
		{AC158B9C-CA4A-432A-97F0-9368894B9875}.Debug|Any CPU.ActiveCfg = Debug|Any CPU
		{AC158B9C-CA4A-432A-97F0-9368894B9875}.Debug|Any CPU.Build.0 = Debug|Any CPU
		{AC158B9C-CA4A-432A-97F0-9368894B9875}.Release|Any CPU.ActiveCfg = Release|Any CPU
		{AC158B9C-CA4A-432A-97F0-9368894B9875}.Release|Any CPU.Build.0 = Release|Any CPU
		{B4C62F12-3DBD-46F9-8CB5-99783DF3787E}.Debug|Any CPU.ActiveCfg = Debug|Any CPU
		{B4C62F12-3DBD-46F9-8CB5-99783DF3787E}.Debug|Any CPU.Build.0 = Debug|Any CPU
		{B4C62F12-3DBD-46F9-8CB5-99783DF3787E}.Release|Any CPU.ActiveCfg = Release|Any CPU
		{B4C62F12-3DBD-46F9-8CB5-99783DF3787E}.Release|Any CPU.Build.0 = Release|Any CPU
		{C6927790-1F0E-4D8B-A045-8FAA9C65BA79}.Debug|Any CPU.ActiveCfg = Debug|Any CPU
		{C6927790-1F0E-4D8B-A045-8FAA9C65BA79}.Debug|Any CPU.Build.0 = Debug|Any CPU
		{C6927790-1F0E-4D8B-A045-8FAA9C65BA79}.Release|Any CPU.ActiveCfg = Release|Any CPU
		{C6927790-1F0E-4D8B-A045-8FAA9C65BA79}.Release|Any CPU.Build.0 = Release|Any CPU
		{1845C1FB-78E7-4265-8ACC-290D271A2E5E}.Debug|Any CPU.ActiveCfg = Debug|Any CPU
		{1845C1FB-78E7-4265-8ACC-290D271A2E5E}.Debug|Any CPU.Build.0 = Debug|Any CPU
		{1845C1FB-78E7-4265-8ACC-290D271A2E5E}.Release|Any CPU.ActiveCfg = Release|Any CPU
		{1845C1FB-78E7-4265-8ACC-290D271A2E5E}.Release|Any CPU.Build.0 = Release|Any CPU
		{10E77FB3-B6DF-4160-BC7F-A8067D049C7B}.Debug|Any CPU.ActiveCfg = Debug|Any CPU
		{10E77FB3-B6DF-4160-BC7F-A8067D049C7B}.Debug|Any CPU.Build.0 = Debug|Any CPU
		{10E77FB3-B6DF-4160-BC7F-A8067D049C7B}.Release|Any CPU.ActiveCfg = Release|Any CPU
		{10E77FB3-B6DF-4160-BC7F-A8067D049C7B}.Release|Any CPU.Build.0 = Release|Any CPU
		{636623BF-1409-45A3-AD3C-D6438A868482}.Debug|Any CPU.ActiveCfg = Debug|Any CPU
		{636623BF-1409-45A3-AD3C-D6438A868482}.Debug|Any CPU.Build.0 = Debug|Any CPU
		{636623BF-1409-45A3-AD3C-D6438A868482}.Release|Any CPU.ActiveCfg = Release|Any CPU
		{636623BF-1409-45A3-AD3C-D6438A868482}.Release|Any CPU.Build.0 = Release|Any CPU
	EndGlobalSection
	GlobalSection(SolutionProperties) = preSolution
		HideSolutionNode = FALSE
	EndGlobalSection
	GlobalSection(ExtensibilityGlobals) = postSolution
		SolutionGuid = {8FBF8FF7-544A-494F-A43F-553203B9CB3A}
	EndGlobalSection
EndGlobal
