
Microsoft Visual Studio Solution File, Format Version 12.00
# Visual Studio Version 17
VisualStudioVersion = 17.5.33627.172
MinimumVisualStudioVersion = 10.0.40219.1
Project("{FAE04EC0-301F-11D3-BF4B-00C04F79EFBC}") = "01.CountSameValuesInArray", "01.CountSameValuesInArray\01.CountSameValuesInArray.csproj", "{552FD400-49F2-4D05-A752-977D711FEB41}"
EndProject
Project("{FAE04EC0-301F-11D3-BF4B-00C04F79EFBC}") = "02.AverageStudentsGrades", "02.AverageStudentsGrades\02.AverageStudentsGrades.csproj", "{F13E0607-F617-4C57-9687-BA4AC66FE1A4}"
EndProject
Project("{FAE04EC0-301F-11D3-BF4B-00C04F79EFBC}") = "03.Last3Numbers", "03.Last3Numbers\03.Last3Numbers.csproj", "{C9A16D57-CD68-436B-97A3-3CC3410C4A86}"
EndProject
Project("{FAE04EC0-301F-11D3-BF4B-00C04F79EFBC}") = "04.ProductShop", "04.ProductShop\04.ProductShop.csproj", "{508517E1-670D-4B8B-8BBD-77FD2891E0AD}"
EndProject
Project("{FAE04EC0-301F-11D3-BF4B-00C04F79EFBC}") = "05.CitiesByContinentAndCountry", "05.CitiesByContinentAndCountry\05.CitiesByContinentAndCountry.csproj", "{847DCBA4-7274-4E1B-AE2E-D6D7276DBC13}"
EndProject
Project("{FAE04EC0-301F-11D3-BF4B-00C04F79EFBC}") = "06.RecordUniqueNames", "06.RecordUniqueNames\06.RecordUniqueNames.csproj", "{9397EF23-6945-4543-826D-E122981AEA3C}"
EndProject
Project("{FAE04EC0-301F-11D3-BF4B-00C04F79EFBC}") = "07.ParkingLot", "07.ParkingLot\07.ParkingLot.csproj", "{9E7708C6-3D25-4F57-B410-802923CCB01B}"
EndProject
Project("{FAE04EC0-301F-11D3-BF4B-00C04F79EFBC}") = "08.SoftUniParty", "08.SoftUniParty\08.SoftUniParty.csproj", "{A911C71C-EE83-4074-9CA2-D30E55617B1A}"
EndProject
Global
	GlobalSection(SolutionConfigurationPlatforms) = preSolution
		Debug|Any CPU = Debug|Any CPU
		Release|Any CPU = Release|Any CPU
	EndGlobalSection
	GlobalSection(ProjectConfigurationPlatforms) = postSolution
		{552FD400-49F2-4D05-A752-977D711FEB41}.Debug|Any CPU.ActiveCfg = Debug|Any CPU
		{552FD400-49F2-4D05-A752-977D711FEB41}.Debug|Any CPU.Build.0 = Debug|Any CPU
		{552FD400-49F2-4D05-A752-977D711FEB41}.Release|Any CPU.ActiveCfg = Release|Any CPU
		{552FD400-49F2-4D05-A752-977D711FEB41}.Release|Any CPU.Build.0 = Release|Any CPU
		{F13E0607-F617-4C57-9687-BA4AC66FE1A4}.Debug|Any CPU.ActiveCfg = Debug|Any CPU
		{F13E0607-F617-4C57-9687-BA4AC66FE1A4}.Debug|Any CPU.Build.0 = Debug|Any CPU
		{F13E0607-F617-4C57-9687-BA4AC66FE1A4}.Release|Any CPU.ActiveCfg = Release|Any CPU
		{F13E0607-F617-4C57-9687-BA4AC66FE1A4}.Release|Any CPU.Build.0 = Release|Any CPU
		{C9A16D57-CD68-436B-97A3-3CC3410C4A86}.Debug|Any CPU.ActiveCfg = Debug|Any CPU
		{C9A16D57-CD68-436B-97A3-3CC3410C4A86}.Debug|Any CPU.Build.0 = Debug|Any CPU
		{C9A16D57-CD68-436B-97A3-3CC3410C4A86}.Release|Any CPU.ActiveCfg = Release|Any CPU
		{C9A16D57-CD68-436B-97A3-3CC3410C4A86}.Release|Any CPU.Build.0 = Release|Any CPU
		{508517E1-670D-4B8B-8BBD-77FD2891E0AD}.Debug|Any CPU.ActiveCfg = Debug|Any CPU
		{508517E1-670D-4B8B-8BBD-77FD2891E0AD}.Debug|Any CPU.Build.0 = Debug|Any CPU
		{508517E1-670D-4B8B-8BBD-77FD2891E0AD}.Release|Any CPU.ActiveCfg = Release|Any CPU
		{508517E1-670D-4B8B-8BBD-77FD2891E0AD}.Release|Any CPU.Build.0 = Release|Any CPU
		{847DCBA4-7274-4E1B-AE2E-D6D7276DBC13}.Debug|Any CPU.ActiveCfg = Debug|Any CPU
		{847DCBA4-7274-4E1B-AE2E-D6D7276DBC13}.Debug|Any CPU.Build.0 = Debug|Any CPU
		{847DCBA4-7274-4E1B-AE2E-D6D7276DBC13}.Release|Any CPU.ActiveCfg = Release|Any CPU
		{847DCBA4-7274-4E1B-AE2E-D6D7276DBC13}.Release|Any CPU.Build.0 = Release|Any CPU
		{9397EF23-6945-4543-826D-E122981AEA3C}.Debug|Any CPU.ActiveCfg = Debug|Any CPU
		{9397EF23-6945-4543-826D-E122981AEA3C}.Debug|Any CPU.Build.0 = Debug|Any CPU
		{9397EF23-6945-4543-826D-E122981AEA3C}.Release|Any CPU.ActiveCfg = Release|Any CPU
		{9397EF23-6945-4543-826D-E122981AEA3C}.Release|Any CPU.Build.0 = Release|Any CPU
		{9E7708C6-3D25-4F57-B410-802923CCB01B}.Debug|Any CPU.ActiveCfg = Debug|Any CPU
		{9E7708C6-3D25-4F57-B410-802923CCB01B}.Debug|Any CPU.Build.0 = Debug|Any CPU
		{9E7708C6-3D25-4F57-B410-802923CCB01B}.Release|Any CPU.ActiveCfg = Release|Any CPU
		{9E7708C6-3D25-4F57-B410-802923CCB01B}.Release|Any CPU.Build.0 = Release|Any CPU
		{A911C71C-EE83-4074-9CA2-D30E55617B1A}.Debug|Any CPU.ActiveCfg = Debug|Any CPU
		{A911C71C-EE83-4074-9CA2-D30E55617B1A}.Debug|Any CPU.Build.0 = Debug|Any CPU
		{A911C71C-EE83-4074-9CA2-D30E55617B1A}.Release|Any CPU.ActiveCfg = Release|Any CPU
		{A911C71C-EE83-4074-9CA2-D30E55617B1A}.Release|Any CPU.Build.0 = Release|Any CPU
	EndGlobalSection
	GlobalSection(SolutionProperties) = preSolution
		HideSolutionNode = FALSE
	EndGlobalSection
	GlobalSection(ExtensibilityGlobals) = postSolution
		SolutionGuid = {3ABD262A-7F94-4C39-97DB-17FD7ED9C6DB}
	EndGlobalSection
EndGlobal
