
Microsoft Visual Studio Solution File, Format Version 12.00
# Visual Studio Version 17
VisualStudioVersion = 17.5.33627.172
MinimumVisualStudioVersion = 10.0.40219.1
Project("{FAE04EC0-301F-11D3-BF4B-00C04F79EFBC}") = "01.ActionPrint", "01.ActionPrint\01.ActionPrint.csproj", "{670B54BF-FE77-48BE-93C4-8FA7903699C1}"
EndProject
Global
	GlobalSection(SolutionConfigurationPlatforms) = preSolution
		Debug|Any CPU = Debug|Any CPU
		Release|Any CPU = Release|Any CPU
	EndGlobalSection
	GlobalSection(ProjectConfigurationPlatforms) = postSolution
		{670B54BF-FE77-48BE-93C4-8FA7903699C1}.Debug|Any CPU.ActiveCfg = Debug|Any CPU
		{670B54BF-FE77-48BE-93C4-8FA7903699C1}.Debug|Any CPU.Build.0 = Debug|Any CPU
		{670B54BF-FE77-48BE-93C4-8FA7903699C1}.Release|Any CPU.ActiveCfg = Release|Any CPU
		{670B54BF-FE77-48BE-93C4-8FA7903699C1}.Release|Any CPU.Build.0 = Release|Any CPU
	EndGlobalSection
	GlobalSection(SolutionProperties) = preSolution
		HideSolutionNode = FALSE
	EndGlobalSection
	GlobalSection(ExtensibilityGlobals) = postSolution
		SolutionGuid = {D08AC992-8E4D-4A02-810C-98AE77ABF16E}
	EndGlobalSection
EndGlobal
