
Microsoft Visual Studio Solution File, Format Version 12.00
# Visual Studio Version 17
VisualStudioVersion = 17.5.33627.172
MinimumVisualStudioVersion = 10.0.40219.1
Project("{FAE04EC0-301F-11D3-BF4B-00C04F79EFBC}") = "01.ActionPrint", "01.ActionPrint\01.ActionPrint.csproj", "{670B54BF-FE77-48BE-93C4-8FA7903699C1}"
EndProject
Project("{FAE04EC0-301F-11D3-BF4B-00C04F79EFBC}") = "02.KnightsOfHonor", "02.KnightsOfHonor\02.KnightsOfHonor.csproj", "{352277BB-EAB7-4317-9F7F-98F10989482D}"
EndProject
Project("{FAE04EC0-301F-11D3-BF4B-00C04F79EFBC}") = "03.CustomMinFunction", "03.CustomMinFunction\03.CustomMinFunction.csproj", "{8815EDD5-9ED9-4748-9019-978E336B6DD3}"
EndProject
Project("{FAE04EC0-301F-11D3-BF4B-00C04F79EFBC}") = "04.FindEvensOrOdds", "04.FindEvensOrOdds\04.FindEvensOrOdds.csproj", "{29412C09-C8FB-4791-986E-940E6560E76D}"
EndProject
Project("{FAE04EC0-301F-11D3-BF4B-00C04F79EFBC}") = "05.AppliedArithmetics", "05.AppliedArithmetics\05.AppliedArithmetics.csproj", "{14AFF7C3-8F10-4736-872E-D576FA76BED9}"
EndProject
Project("{FAE04EC0-301F-11D3-BF4B-00C04F79EFBC}") = "06.ReverseAndExclude", "06.ReverseAndExclude\06.ReverseAndExclude.csproj", "{8889B63A-DD8A-42FE-A108-C794E7AA9832}"
EndProject
Project("{FAE04EC0-301F-11D3-BF4B-00C04F79EFBC}") = "07.PradicateForNames", "07.PradicateForNames\07.PradicateForNames.csproj", "{869215C4-386C-4150-A95F-1B536F576BD4}"
EndProject
Project("{FAE04EC0-301F-11D3-BF4B-00C04F79EFBC}") = "08.ListOfPredicates", "08.ListOfPredicates\08.ListOfPredicates.csproj", "{592265A5-31B0-4AE6-ACE8-DB1B40DBACF3}"
EndProject
Project("{FAE04EC0-301F-11D3-BF4B-00C04F79EFBC}") = "09.PredicateParty", "09.PredicateParty\09.PredicateParty.csproj", "{B5B36AEB-480A-4642-8FBF-1AF208947C32}"
EndProject
Global
	GlobalSection(SolutionConfigurationPlatforms) = preSolution
		Debug|Any CPU = Debug|Any CPU
		Release|Any CPU = Release|Any CPU
	EndGlobalSection
	GlobalSection(ProjectConfigurationPlatforms) = postSolution
		{670B54BF-FE77-48BE-93C4-8FA7903699C1}.Debug|Any CPU.ActiveCfg = Debug|Any CPU
		{670B54BF-FE77-48BE-93C4-8FA7903699C1}.Debug|Any CPU.Build.0 = Debug|Any CPU
		{670B54BF-FE77-48BE-93C4-8FA7903699C1}.Release|Any CPU.ActiveCfg = Release|Any CPU
		{670B54BF-FE77-48BE-93C4-8FA7903699C1}.Release|Any CPU.Build.0 = Release|Any CPU
		{352277BB-EAB7-4317-9F7F-98F10989482D}.Debug|Any CPU.ActiveCfg = Debug|Any CPU
		{352277BB-EAB7-4317-9F7F-98F10989482D}.Debug|Any CPU.Build.0 = Debug|Any CPU
		{352277BB-EAB7-4317-9F7F-98F10989482D}.Release|Any CPU.ActiveCfg = Release|Any CPU
		{352277BB-EAB7-4317-9F7F-98F10989482D}.Release|Any CPU.Build.0 = Release|Any CPU
		{8815EDD5-9ED9-4748-9019-978E336B6DD3}.Debug|Any CPU.ActiveCfg = Debug|Any CPU
		{8815EDD5-9ED9-4748-9019-978E336B6DD3}.Debug|Any CPU.Build.0 = Debug|Any CPU
		{8815EDD5-9ED9-4748-9019-978E336B6DD3}.Release|Any CPU.ActiveCfg = Release|Any CPU
		{8815EDD5-9ED9-4748-9019-978E336B6DD3}.Release|Any CPU.Build.0 = Release|Any CPU
		{29412C09-C8FB-4791-986E-940E6560E76D}.Debug|Any CPU.ActiveCfg = Debug|Any CPU
		{29412C09-C8FB-4791-986E-940E6560E76D}.Debug|Any CPU.Build.0 = Debug|Any CPU
		{29412C09-C8FB-4791-986E-940E6560E76D}.Release|Any CPU.ActiveCfg = Release|Any CPU
		{29412C09-C8FB-4791-986E-940E6560E76D}.Release|Any CPU.Build.0 = Release|Any CPU
		{14AFF7C3-8F10-4736-872E-D576FA76BED9}.Debug|Any CPU.ActiveCfg = Debug|Any CPU
		{14AFF7C3-8F10-4736-872E-D576FA76BED9}.Debug|Any CPU.Build.0 = Debug|Any CPU
		{14AFF7C3-8F10-4736-872E-D576FA76BED9}.Release|Any CPU.ActiveCfg = Release|Any CPU
		{14AFF7C3-8F10-4736-872E-D576FA76BED9}.Release|Any CPU.Build.0 = Release|Any CPU
		{8889B63A-DD8A-42FE-A108-C794E7AA9832}.Debug|Any CPU.ActiveCfg = Debug|Any CPU
		{8889B63A-DD8A-42FE-A108-C794E7AA9832}.Debug|Any CPU.Build.0 = Debug|Any CPU
		{8889B63A-DD8A-42FE-A108-C794E7AA9832}.Release|Any CPU.ActiveCfg = Release|Any CPU
		{8889B63A-DD8A-42FE-A108-C794E7AA9832}.Release|Any CPU.Build.0 = Release|Any CPU
		{869215C4-386C-4150-A95F-1B536F576BD4}.Debug|Any CPU.ActiveCfg = Debug|Any CPU
		{869215C4-386C-4150-A95F-1B536F576BD4}.Debug|Any CPU.Build.0 = Debug|Any CPU
		{869215C4-386C-4150-A95F-1B536F576BD4}.Release|Any CPU.ActiveCfg = Release|Any CPU
		{869215C4-386C-4150-A95F-1B536F576BD4}.Release|Any CPU.Build.0 = Release|Any CPU
		{592265A5-31B0-4AE6-ACE8-DB1B40DBACF3}.Debug|Any CPU.ActiveCfg = Debug|Any CPU
		{592265A5-31B0-4AE6-ACE8-DB1B40DBACF3}.Debug|Any CPU.Build.0 = Debug|Any CPU
		{592265A5-31B0-4AE6-ACE8-DB1B40DBACF3}.Release|Any CPU.ActiveCfg = Release|Any CPU
		{592265A5-31B0-4AE6-ACE8-DB1B40DBACF3}.Release|Any CPU.Build.0 = Release|Any CPU
		{B5B36AEB-480A-4642-8FBF-1AF208947C32}.Debug|Any CPU.ActiveCfg = Debug|Any CPU
		{B5B36AEB-480A-4642-8FBF-1AF208947C32}.Debug|Any CPU.Build.0 = Debug|Any CPU
		{B5B36AEB-480A-4642-8FBF-1AF208947C32}.Release|Any CPU.ActiveCfg = Release|Any CPU
		{B5B36AEB-480A-4642-8FBF-1AF208947C32}.Release|Any CPU.Build.0 = Release|Any CPU
	EndGlobalSection
	GlobalSection(SolutionProperties) = preSolution
		HideSolutionNode = FALSE
	EndGlobalSection
	GlobalSection(ExtensibilityGlobals) = postSolution
		SolutionGuid = {D08AC992-8E4D-4A02-810C-98AE77ABF16E}
	EndGlobalSection
EndGlobal
