
Microsoft Visual Studio Solution File, Format Version 12.00
# Visual Studio Version 17
VisualStudioVersion = 17.6.33801.468
MinimumVisualStudioVersion = 10.0.40219.1
Project("{FAE04EC0-301F-11D3-BF4B-00C04F79EFBC}") = "Demo", "Demo\Demo.csproj", "{5B5C5BA8-DA84-4FA6-A086-937F02C5B08C}"
EndProject
Project("{FAE04EC0-301F-11D3-BF4B-00C04F79EFBC}") = "TampleOfDoom", "TampleOfDoom\TampleOfDoom.csproj", "{9DEDBB78-D4F8-4AC6-A2CA-28202F42D4E2}"
EndProject
Project("{FAE04EC0-301F-11D3-BF4B-00C04F79EFBC}") = "MouseInTheKitchen", "MouseInTheKitchen\MouseInTheKitchen.csproj", "{175343C0-465F-4282-8857-ADF440D4E077}"
EndProject
Project("{9A19103F-16F7-4668-BE54-9A1E7A4F7556}") = "AutomotiveRepairShop", "..\..\..\..\Users\diang\Downloads\AutomotiveRepairShop\AutomotiveRepairShop\AutomotiveRepairShop.csproj", "{A423DEB0-6880-4970-81A3-A8F7947B4965}"
EndProject
Global
	GlobalSection(SolutionConfigurationPlatforms) = preSolution
		Debug|Any CPU = Debug|Any CPU
		Release|Any CPU = Release|Any CPU
	EndGlobalSection
	GlobalSection(ProjectConfigurationPlatforms) = postSolution
		{5B5C5BA8-DA84-4FA6-A086-937F02C5B08C}.Debug|Any CPU.ActiveCfg = Debug|Any CPU
		{5B5C5BA8-DA84-4FA6-A086-937F02C5B08C}.Debug|Any CPU.Build.0 = Debug|Any CPU
		{5B5C5BA8-DA84-4FA6-A086-937F02C5B08C}.Release|Any CPU.ActiveCfg = Release|Any CPU
		{5B5C5BA8-DA84-4FA6-A086-937F02C5B08C}.Release|Any CPU.Build.0 = Release|Any CPU
		{9DEDBB78-D4F8-4AC6-A2CA-28202F42D4E2}.Debug|Any CPU.ActiveCfg = Debug|Any CPU
		{9DEDBB78-D4F8-4AC6-A2CA-28202F42D4E2}.Debug|Any CPU.Build.0 = Debug|Any CPU
		{9DEDBB78-D4F8-4AC6-A2CA-28202F42D4E2}.Release|Any CPU.ActiveCfg = Release|Any CPU
		{9DEDBB78-D4F8-4AC6-A2CA-28202F42D4E2}.Release|Any CPU.Build.0 = Release|Any CPU
		{175343C0-465F-4282-8857-ADF440D4E077}.Debug|Any CPU.ActiveCfg = Debug|Any CPU
		{175343C0-465F-4282-8857-ADF440D4E077}.Debug|Any CPU.Build.0 = Debug|Any CPU
		{175343C0-465F-4282-8857-ADF440D4E077}.Release|Any CPU.ActiveCfg = Release|Any CPU
		{175343C0-465F-4282-8857-ADF440D4E077}.Release|Any CPU.Build.0 = Release|Any CPU
		{A423DEB0-6880-4970-81A3-A8F7947B4965}.Debug|Any CPU.ActiveCfg = Debug|Any CPU
		{A423DEB0-6880-4970-81A3-A8F7947B4965}.Debug|Any CPU.Build.0 = Debug|Any CPU
		{A423DEB0-6880-4970-81A3-A8F7947B4965}.Release|Any CPU.ActiveCfg = Release|Any CPU
		{A423DEB0-6880-4970-81A3-A8F7947B4965}.Release|Any CPU.Build.0 = Release|Any CPU
	EndGlobalSection
	GlobalSection(SolutionProperties) = preSolution
		HideSolutionNode = FALSE
	EndGlobalSection
	GlobalSection(ExtensibilityGlobals) = postSolution
		SolutionGuid = {F6F5C80E-2B5B-461E-B187-47152E25B0B5}
	EndGlobalSection
EndGlobal
