
Microsoft Visual Studio Solution File, Format Version 12.00
# Visual Studio Version 17
VisualStudioVersion = 17.5.33516.290
MinimumVisualStudioVersion = 10.0.40219.1
Project("{9A19103F-16F7-4668-BE54-9A1E7A4F7556}") = "01.SumMatrixElements", "01.SumMatrixElements\01.SumMatrixElements.csproj", "{DEC9B294-0342-4A25-9FCF-639776499ACE}"
EndProject
Project("{FAE04EC0-301F-11D3-BF4B-00C04F79EFBC}") = "02.SumOfMatrixColumns", "02.SumOfMatrixColumns\02.SumOfMatrixColumns.csproj", "{56C43B90-A70F-47AB-B70B-AECCB64BE5B6}"
EndProject
Project("{FAE04EC0-301F-11D3-BF4B-00C04F79EFBC}") = "03.PrimaryDaigonal", "03.PrimaryDaigonal\03.PrimaryDaigonal.csproj", "{2A03C6DE-827F-4DC9-8241-6B9C54A17562}"
EndProject
Project("{FAE04EC0-301F-11D3-BF4B-00C04F79EFBC}") = "04.SymbolInMatrix", "04.SymbolInMatrix\04.SymbolInMatrix.csproj", "{AA9B0ED4-FE32-428C-B994-8B60E6E8AAF5}"
EndProject
Global
	GlobalSection(SolutionConfigurationPlatforms) = preSolution
		Debug|Any CPU = Debug|Any CPU
		Release|Any CPU = Release|Any CPU
	EndGlobalSection
	GlobalSection(ProjectConfigurationPlatforms) = postSolution
		{DEC9B294-0342-4A25-9FCF-639776499ACE}.Debug|Any CPU.ActiveCfg = Debug|Any CPU
		{DEC9B294-0342-4A25-9FCF-639776499ACE}.Debug|Any CPU.Build.0 = Debug|Any CPU
		{DEC9B294-0342-4A25-9FCF-639776499ACE}.Release|Any CPU.ActiveCfg = Release|Any CPU
		{DEC9B294-0342-4A25-9FCF-639776499ACE}.Release|Any CPU.Build.0 = Release|Any CPU
		{56C43B90-A70F-47AB-B70B-AECCB64BE5B6}.Debug|Any CPU.ActiveCfg = Debug|Any CPU
		{56C43B90-A70F-47AB-B70B-AECCB64BE5B6}.Debug|Any CPU.Build.0 = Debug|Any CPU
		{56C43B90-A70F-47AB-B70B-AECCB64BE5B6}.Release|Any CPU.ActiveCfg = Release|Any CPU
		{56C43B90-A70F-47AB-B70B-AECCB64BE5B6}.Release|Any CPU.Build.0 = Release|Any CPU
		{2A03C6DE-827F-4DC9-8241-6B9C54A17562}.Debug|Any CPU.ActiveCfg = Debug|Any CPU
		{2A03C6DE-827F-4DC9-8241-6B9C54A17562}.Debug|Any CPU.Build.0 = Debug|Any CPU
		{2A03C6DE-827F-4DC9-8241-6B9C54A17562}.Release|Any CPU.ActiveCfg = Release|Any CPU
		{2A03C6DE-827F-4DC9-8241-6B9C54A17562}.Release|Any CPU.Build.0 = Release|Any CPU
		{AA9B0ED4-FE32-428C-B994-8B60E6E8AAF5}.Debug|Any CPU.ActiveCfg = Debug|Any CPU
		{AA9B0ED4-FE32-428C-B994-8B60E6E8AAF5}.Debug|Any CPU.Build.0 = Debug|Any CPU
		{AA9B0ED4-FE32-428C-B994-8B60E6E8AAF5}.Release|Any CPU.ActiveCfg = Release|Any CPU
		{AA9B0ED4-FE32-428C-B994-8B60E6E8AAF5}.Release|Any CPU.Build.0 = Release|Any CPU
	EndGlobalSection
	GlobalSection(SolutionProperties) = preSolution
		HideSolutionNode = FALSE
	EndGlobalSection
	GlobalSection(ExtensibilityGlobals) = postSolution
		SolutionGuid = {381BD8E2-80D4-45CF-9606-5E94760AA47A}
	EndGlobalSection
EndGlobal
