
Microsoft Visual Studio Solution File, Format Version 12.00
# Visual Studio Version 17
VisualStudioVersion = 17.6.33723.286
MinimumVisualStudioVersion = 10.0.40219.1
Project("{FAE04EC0-301F-11D3-BF4B-00C04F79EFBC}") = "BoxOfT", "BoxOfT\BoxOfT.csproj", "{17A192BE-1914-4862-851B-87F4A38C5E85}"
EndProject
Project("{FAE04EC0-301F-11D3-BF4B-00C04F79EFBC}") = "GenericArrayCreator", "GenericArrayCreator\GenericArrayCreator.csproj", "{C72A806A-3EAD-4922-822E-9D8AFADB3060}"
EndProject
Project("{FAE04EC0-301F-11D3-BF4B-00C04F79EFBC}") = "GenericScale", "GenericConstraints\GenericScale.csproj", "{6944D6EA-E81C-4843-B550-AECB14674DC9}"
EndProject
Global
	GlobalSection(SolutionConfigurationPlatforms) = preSolution
		Debug|Any CPU = Debug|Any CPU
		Release|Any CPU = Release|Any CPU
	EndGlobalSection
	GlobalSection(ProjectConfigurationPlatforms) = postSolution
		{17A192BE-1914-4862-851B-87F4A38C5E85}.Debug|Any CPU.ActiveCfg = Debug|Any CPU
		{17A192BE-1914-4862-851B-87F4A38C5E85}.Debug|Any CPU.Build.0 = Debug|Any CPU
		{17A192BE-1914-4862-851B-87F4A38C5E85}.Release|Any CPU.ActiveCfg = Release|Any CPU
		{17A192BE-1914-4862-851B-87F4A38C5E85}.Release|Any CPU.Build.0 = Release|Any CPU
		{C72A806A-3EAD-4922-822E-9D8AFADB3060}.Debug|Any CPU.ActiveCfg = Debug|Any CPU
		{C72A806A-3EAD-4922-822E-9D8AFADB3060}.Debug|Any CPU.Build.0 = Debug|Any CPU
		{C72A806A-3EAD-4922-822E-9D8AFADB3060}.Release|Any CPU.ActiveCfg = Release|Any CPU
		{C72A806A-3EAD-4922-822E-9D8AFADB3060}.Release|Any CPU.Build.0 = Release|Any CPU
		{6944D6EA-E81C-4843-B550-AECB14674DC9}.Debug|Any CPU.ActiveCfg = Debug|Any CPU
		{6944D6EA-E81C-4843-B550-AECB14674DC9}.Debug|Any CPU.Build.0 = Debug|Any CPU
		{6944D6EA-E81C-4843-B550-AECB14674DC9}.Release|Any CPU.ActiveCfg = Release|Any CPU
		{6944D6EA-E81C-4843-B550-AECB14674DC9}.Release|Any CPU.Build.0 = Release|Any CPU
	EndGlobalSection
	GlobalSection(SolutionProperties) = preSolution
		HideSolutionNode = FALSE
	EndGlobalSection
	GlobalSection(ExtensibilityGlobals) = postSolution
		SolutionGuid = {0261C049-07F6-4A77-9617-CD6CBA51A2EE}
	EndGlobalSection
EndGlobal
