
Microsoft Visual Studio Solution File, Format Version 12.00
# Visual Studio Version 17
VisualStudioVersion = 17.1.32414.318
MinimumVisualStudioVersion = 10.0.40219.1
Project("{9A19103F-16F7-4668-BE54-9A1E7A4F7556}") = "SoftUniParking", "SoftUniParking.csproj", "{EAAD3DBB-F743-4A68-BAAB-F40EAEB1BB4D}"
EndProject
Project("{FAE04EC0-301F-11D3-BF4B-00C04F79EFBC}") = "DefiningClasses", "..\DefiningClasses\DefiningClasses.csproj", "{1D98D349-61E2-4FE1-AA34-2F1D817300B9}"
EndProject
Project("{FAE04EC0-301F-11D3-BF4B-00C04F79EFBC}") = "DateModifier", "..\DateModifier\DateModifier.csproj", "{0893A43B-FEDA-4E60-940B-B695CE0676ED}"
EndProject
Project("{FAE04EC0-301F-11D3-BF4B-00C04F79EFBC}") = "SpeedRacing", "..\SpeedRacing\SpeedRacing.csproj", "{F62F5230-A44D-48A7-A96D-C1F09BB3CF34}"
EndProject
Project("{FAE04EC0-301F-11D3-BF4B-00C04F79EFBC}") = "RawData", "..\RawData\RawData.csproj", "{81CB7069-3299-4577-BBC0-B85BE08A4028}"
EndProject
Global
	GlobalSection(SolutionConfigurationPlatforms) = preSolution
		Debug|Any CPU = Debug|Any CPU
		Release|Any CPU = Release|Any CPU
	EndGlobalSection
	GlobalSection(ProjectConfigurationPlatforms) = postSolution
		{EAAD3DBB-F743-4A68-BAAB-F40EAEB1BB4D}.Debug|Any CPU.ActiveCfg = Debug|Any CPU
		{EAAD3DBB-F743-4A68-BAAB-F40EAEB1BB4D}.Debug|Any CPU.Build.0 = Debug|Any CPU
		{EAAD3DBB-F743-4A68-BAAB-F40EAEB1BB4D}.Release|Any CPU.ActiveCfg = Release|Any CPU
		{EAAD3DBB-F743-4A68-BAAB-F40EAEB1BB4D}.Release|Any CPU.Build.0 = Release|Any CPU
		{1D98D349-61E2-4FE1-AA34-2F1D817300B9}.Debug|Any CPU.ActiveCfg = Debug|Any CPU
		{1D98D349-61E2-4FE1-AA34-2F1D817300B9}.Debug|Any CPU.Build.0 = Debug|Any CPU
		{1D98D349-61E2-4FE1-AA34-2F1D817300B9}.Release|Any CPU.ActiveCfg = Release|Any CPU
		{1D98D349-61E2-4FE1-AA34-2F1D817300B9}.Release|Any CPU.Build.0 = Release|Any CPU
		{0893A43B-FEDA-4E60-940B-B695CE0676ED}.Debug|Any CPU.ActiveCfg = Debug|Any CPU
		{0893A43B-FEDA-4E60-940B-B695CE0676ED}.Debug|Any CPU.Build.0 = Debug|Any CPU
		{0893A43B-FEDA-4E60-940B-B695CE0676ED}.Release|Any CPU.ActiveCfg = Release|Any CPU
		{0893A43B-FEDA-4E60-940B-B695CE0676ED}.Release|Any CPU.Build.0 = Release|Any CPU
		{F62F5230-A44D-48A7-A96D-C1F09BB3CF34}.Debug|Any CPU.ActiveCfg = Debug|Any CPU
		{F62F5230-A44D-48A7-A96D-C1F09BB3CF34}.Debug|Any CPU.Build.0 = Debug|Any CPU
		{F62F5230-A44D-48A7-A96D-C1F09BB3CF34}.Release|Any CPU.ActiveCfg = Release|Any CPU
		{F62F5230-A44D-48A7-A96D-C1F09BB3CF34}.Release|Any CPU.Build.0 = Release|Any CPU
		{81CB7069-3299-4577-BBC0-B85BE08A4028}.Debug|Any CPU.ActiveCfg = Debug|Any CPU
		{81CB7069-3299-4577-BBC0-B85BE08A4028}.Debug|Any CPU.Build.0 = Debug|Any CPU
		{81CB7069-3299-4577-BBC0-B85BE08A4028}.Release|Any CPU.ActiveCfg = Release|Any CPU
		{81CB7069-3299-4577-BBC0-B85BE08A4028}.Release|Any CPU.Build.0 = Release|Any CPU
	EndGlobalSection
	GlobalSection(SolutionProperties) = preSolution
		HideSolutionNode = FALSE
	EndGlobalSection
	GlobalSection(ExtensibilityGlobals) = postSolution
		SolutionGuid = {4F174C84-D87D-4F62-A4AD-973361C5799C}
	EndGlobalSection
EndGlobal
